
Microsoft Visual Studio Solution File, Format Version 12.00
# Visual Studio Version 17
VisualStudioVersion = 17.11.35327.3
MinimumVisualStudioVersion = 10.0.40219.1
Project("{FAE04EC0-301F-11D3-BF4B-00C04F79EFBC}") = "SuperAdventure", "SuperAdventure\SuperAdventure.csproj", "{2ABCAAD2-C52C-464E-95FB-0C9952D9C0D2}"
EndProject
Project("{FAE04EC0-301F-11D3-BF4B-00C04F79EFBC}") = "Engine", "Engine\Engine.csproj", "{3CEF21AD-8CCF-4ECC-96C2-D492E1AE80C8}"
EndProject
Global
	GlobalSection(SolutionConfigurationPlatforms) = preSolution
		Debug|Any CPU = Debug|Any CPU
		Release|Any CPU = Release|Any CPU
	EndGlobalSection
	GlobalSection(ProjectConfigurationPlatforms) = postSolution
		{2ABCAAD2-C52C-464E-95FB-0C9952D9C0D2}.Debug|Any CPU.ActiveCfg = Debug|Any CPU
		{2ABCAAD2-C52C-464E-95FB-0C9952D9C0D2}.Debug|Any CPU.Build.0 = Debug|Any CPU
		{2ABCAAD2-C52C-464E-95FB-0C9952D9C0D2}.Release|Any CPU.ActiveCfg = Release|Any CPU
		{2ABCAAD2-C52C-464E-95FB-0C9952D9C0D2}.Release|Any CPU.Build.0 = Release|Any CPU
		{3CEF21AD-8CCF-4ECC-96C2-D492E1AE80C8}.Debug|Any CPU.ActiveCfg = Debug|Any CPU
		{3CEF21AD-8CCF-4ECC-96C2-D492E1AE80C8}.Debug|Any CPU.Build.0 = Debug|Any CPU
		{3CEF21AD-8CCF-4ECC-96C2-D492E1AE80C8}.Release|Any CPU.ActiveCfg = Release|Any CPU
		{3CEF21AD-8CCF-4ECC-96C2-D492E1AE80C8}.Release|Any CPU.Build.0 = Release|Any CPU
	EndGlobalSection
	GlobalSection(SolutionProperties) = preSolution
		HideSolutionNode = FALSE
	EndGlobalSection
	GlobalSection(ExtensibilityGlobals) = postSolution
		SolutionGuid = {CDC944FA-A564-42D8-B70E-98FD2EA9E698}
	EndGlobalSection
EndGlobal
